
Microsoft Visual Studio Solution File, Format Version 12.00
# Visual Studio 15
VisualStudioVersion = 15.0.26430.16
MinimumVisualStudioVersion = 10.0.40219.1
Project("{FAE04EC0-301F-11D3-BF4B-00C04F79EFBC}") = "SBoardServer", "SboardServer\SBoardServer.csproj", "{39E72FFF-73A4-44D5-BA9F-D986DBFABC0B}"
EndProject
Project("{FAE04EC0-301F-11D3-BF4B-00C04F79EFBC}") = "SBoardClient", "SboardClient\SBoardClient.csproj", "{FADE4B45-0833-4E2D-A542-821B0EABA637}"
EndProject
Project("{2150E333-8FDC-42A3-9474-1A3956D46DE8}") = "Solution Items", "Solution Items", "{AAA4CDEA-D321-4E2A-91F5-E01B849F0BAB}"
	ProjectSection(SolutionItems) = preProject
		Wavs\China.wav = Wavs\China.wav
	EndProjectSection
EndProject
Global
	GlobalSection(SolutionConfigurationPlatforms) = preSolution
		Debug|Any CPU = Debug|Any CPU
		Release|Any CPU = Release|Any CPU
	EndGlobalSection
	GlobalSection(ProjectConfigurationPlatforms) = postSolution
		{39E72FFF-73A4-44D5-BA9F-D986DBFABC0B}.Debug|Any CPU.ActiveCfg = Debug|Any CPU
		{39E72FFF-73A4-44D5-BA9F-D986DBFABC0B}.Debug|Any CPU.Build.0 = Debug|Any CPU
		{39E72FFF-73A4-44D5-BA9F-D986DBFABC0B}.Release|Any CPU.ActiveCfg = Release|Any CPU
		{39E72FFF-73A4-44D5-BA9F-D986DBFABC0B}.Release|Any CPU.Build.0 = Release|Any CPU
		{FADE4B45-0833-4E2D-A542-821B0EABA637}.Debug|Any CPU.ActiveCfg = Debug|Any CPU
		{FADE4B45-0833-4E2D-A542-821B0EABA637}.Debug|Any CPU.Build.0 = Debug|Any CPU
		{FADE4B45-0833-4E2D-A542-821B0EABA637}.Release|Any CPU.ActiveCfg = Release|Any CPU
		{FADE4B45-0833-4E2D-A542-821B0EABA637}.Release|Any CPU.Build.0 = Release|Any CPU
	EndGlobalSection
	GlobalSection(SolutionProperties) = preSolution
		HideSolutionNode = FALSE
	EndGlobalSection
EndGlobal
